
Microsoft Visual Studio Solution File, Format Version 12.00
# Visual Studio Version 16
VisualStudioVersion = 16.0.29009.5
MinimumVisualStudioVersion = 10.0.40219.1
Project("{9A19103F-16F7-4668-BE54-9A1E7A4F7556}") = "DevIO.Business", "src\DevIO.Business\DevIO.Business.csproj", "{44B0A71D-4817-41B6-9D33-1E90E77EFE60}"
EndProject
Project("{9A19103F-16F7-4668-BE54-9A1E7A4F7556}") = "DevIO.Data", "src\DevIO.Data\DevIO.Data.csproj", "{275D6FFB-0784-423C-8C09-4C9015C6437F}"
EndProject
Project("{FAE04EC0-301F-11D3-BF4B-00C04F79EFBC}") = "DevIO.Api", "src\DevIO.Api\DevIO.Api.csproj", "{09335DD0-3277-48A7-BE2F-34D149F19886}"
EndProject
Global
	GlobalSection(SolutionConfigurationPlatforms) = preSolution
		Debug|Any CPU = Debug|Any CPU
		Release|Any CPU = Release|Any CPU
	EndGlobalSection
	GlobalSection(ProjectConfigurationPlatforms) = postSolution
		{44B0A71D-4817-41B6-9D33-1E90E77EFE60}.Debug|Any CPU.ActiveCfg = Debug|Any CPU
		{44B0A71D-4817-41B6-9D33-1E90E77EFE60}.Debug|Any CPU.Build.0 = Debug|Any CPU
		{44B0A71D-4817-41B6-9D33-1E90E77EFE60}.Release|Any CPU.ActiveCfg = Release|Any CPU
		{44B0A71D-4817-41B6-9D33-1E90E77EFE60}.Release|Any CPU.Build.0 = Release|Any CPU
		{275D6FFB-0784-423C-8C09-4C9015C6437F}.Debug|Any CPU.ActiveCfg = Debug|Any CPU
		{275D6FFB-0784-423C-8C09-4C9015C6437F}.Debug|Any CPU.Build.0 = Debug|Any CPU
		{275D6FFB-0784-423C-8C09-4C9015C6437F}.Release|Any CPU.ActiveCfg = Release|Any CPU
		{275D6FFB-0784-423C-8C09-4C9015C6437F}.Release|Any CPU.Build.0 = Release|Any CPU
		{09335DD0-3277-48A7-BE2F-34D149F19886}.Debug|Any CPU.ActiveCfg = Debug|Any CPU
		{09335DD0-3277-48A7-BE2F-34D149F19886}.Debug|Any CPU.Build.0 = Debug|Any CPU
		{09335DD0-3277-48A7-BE2F-34D149F19886}.Release|Any CPU.ActiveCfg = Release|Any CPU
		{09335DD0-3277-48A7-BE2F-34D149F19886}.Release|Any CPU.Build.0 = Release|Any CPU
	EndGlobalSection
	GlobalSection(SolutionProperties) = preSolution
		HideSolutionNode = FALSE
	EndGlobalSection
	GlobalSection(ExtensibilityGlobals) = postSolution
		SolutionGuid = {C9D9DFB2-4767-4082-A052-69D30B987C35}
	EndGlobalSection
EndGlobal
